
Microsoft Visual Studio Solution File, Format Version 12.00
# Visual Studio Version 17
VisualStudioVersion = 17.2.32519.379
MinimumVisualStudioVersion = 10.0.40219.1
Project("{FAE04EC0-301F-11D3-BF4B-00C04F79EFBC}") = "GarageVersion3.Web", "GarageVersion3.Web.csproj", "{CEA2F475-1A36-4541-8A3B-3553E98E905C}"
EndProject
Project("{FAE04EC0-301F-11D3-BF4B-00C04F79EFBC}") = "GarageVersion3.Core", "..\GarageVersion3.Core\GarageVersion3.Core.csproj", "{037B2E23-FE2B-40DD-BF1B-01E42C3F3A20}"
EndProject
Project("{FAE04EC0-301F-11D3-BF4B-00C04F79EFBC}") = "GarageVersion3.Data", "..\GarageVersion3.Data\GarageVersion3.Data.csproj", "{15B9FA54-472D-4B08-AEBA-7628DA7E37C7}"
EndProject
Global
	GlobalSection(SolutionConfigurationPlatforms) = preSolution
		Debug|Any CPU = Debug|Any CPU
		Release|Any CPU = Release|Any CPU
	EndGlobalSection
	GlobalSection(ProjectConfigurationPlatforms) = postSolution
		{CEA2F475-1A36-4541-8A3B-3553E98E905C}.Debug|Any CPU.ActiveCfg = Debug|Any CPU
		{CEA2F475-1A36-4541-8A3B-3553E98E905C}.Debug|Any CPU.Build.0 = Debug|Any CPU
		{CEA2F475-1A36-4541-8A3B-3553E98E905C}.Release|Any CPU.ActiveCfg = Release|Any CPU
		{CEA2F475-1A36-4541-8A3B-3553E98E905C}.Release|Any CPU.Build.0 = Release|Any CPU
		{037B2E23-FE2B-40DD-BF1B-01E42C3F3A20}.Debug|Any CPU.ActiveCfg = Debug|Any CPU
		{037B2E23-FE2B-40DD-BF1B-01E42C3F3A20}.Debug|Any CPU.Build.0 = Debug|Any CPU
		{037B2E23-FE2B-40DD-BF1B-01E42C3F3A20}.Release|Any CPU.ActiveCfg = Release|Any CPU
		{037B2E23-FE2B-40DD-BF1B-01E42C3F3A20}.Release|Any CPU.Build.0 = Release|Any CPU
		{15B9FA54-472D-4B08-AEBA-7628DA7E37C7}.Debug|Any CPU.ActiveCfg = Debug|Any CPU
		{15B9FA54-472D-4B08-AEBA-7628DA7E37C7}.Debug|Any CPU.Build.0 = Debug|Any CPU
		{15B9FA54-472D-4B08-AEBA-7628DA7E37C7}.Release|Any CPU.ActiveCfg = Release|Any CPU
		{15B9FA54-472D-4B08-AEBA-7628DA7E37C7}.Release|Any CPU.Build.0 = Release|Any CPU
	EndGlobalSection
	GlobalSection(SolutionProperties) = preSolution
		HideSolutionNode = FALSE
	EndGlobalSection
	GlobalSection(ExtensibilityGlobals) = postSolution
		SolutionGuid = {7CF774FE-5C75-4955-B8C5-A4C5BC60EBBE}
	EndGlobalSection
EndGlobal
